
Microsoft Visual Studio Solution File, Format Version 12.00
# Visual Studio Version 16
VisualStudioVersion = 16.0.30225.117
MinimumVisualStudioVersion = 10.0.40219.1
Project("{FAE04EC0-301F-11D3-BF4B-00C04F79EFBC}") = "PatronMediator", "PatronMediator.csproj", "{30C7A80A-5435-4DFC-811B-43996066F87D}"
EndProject
Global
	GlobalSection(SolutionConfigurationPlatforms) = preSolution
		Debug|Any CPU = Debug|Any CPU
		Release|Any CPU = Release|Any CPU
	EndGlobalSection
	GlobalSection(ProjectConfigurationPlatforms) = postSolution
		{30C7A80A-5435-4DFC-811B-43996066F87D}.Debug|Any CPU.ActiveCfg = Debug|Any CPU
		{30C7A80A-5435-4DFC-811B-43996066F87D}.Debug|Any CPU.Build.0 = Debug|Any CPU
		{30C7A80A-5435-4DFC-811B-43996066F87D}.Release|Any CPU.ActiveCfg = Release|Any CPU
		{30C7A80A-5435-4DFC-811B-43996066F87D}.Release|Any CPU.Build.0 = Release|Any CPU
	EndGlobalSection
	GlobalSection(SolutionProperties) = preSolution
		HideSolutionNode = FALSE
	EndGlobalSection
	GlobalSection(ExtensibilityGlobals) = postSolution
		SolutionGuid = {1EDDB88C-FDF6-41CA-9E2B-1CAFF2ED8A0F}
	EndGlobalSection
EndGlobal
